
Microsoft Visual Studio Solution File, Format Version 12.00
# Visual Studio Version 16
VisualStudioVersion = 16.0.28803.202
MinimumVisualStudioVersion = 10.0.40219.1
Project("{FAE04EC0-301F-11D3-BF4B-00C04F79EFBC}") = "TechyJobs", "TechyJobs\TechyJobs.csproj", "{5C72EF1A-B94F-4F85-94A2-B70A705E40DD}"
EndProject
Global
	GlobalSection(SolutionConfigurationPlatforms) = preSolution
		Debug|Any CPU = Debug|Any CPU
		Release|Any CPU = Release|Any CPU
	EndGlobalSection
	GlobalSection(ProjectConfigurationPlatforms) = postSolution
		{5C72EF1A-B94F-4F85-94A2-B70A705E40DD}.Debug|Any CPU.ActiveCfg = Debug|Any CPU
		{5C72EF1A-B94F-4F85-94A2-B70A705E40DD}.Debug|Any CPU.Build.0 = Debug|Any CPU
		{5C72EF1A-B94F-4F85-94A2-B70A705E40DD}.Release|Any CPU.ActiveCfg = Release|Any CPU
		{5C72EF1A-B94F-4F85-94A2-B70A705E40DD}.Release|Any CPU.Build.0 = Release|Any CPU
	EndGlobalSection
	GlobalSection(SolutionProperties) = preSolution
		HideSolutionNode = FALSE
	EndGlobalSection
	GlobalSection(ExtensibilityGlobals) = postSolution
		SolutionGuid = {C3FFB3AB-8C33-4EE2-A477-5139CD94EB2D}
	EndGlobalSection
EndGlobal
